# This file is automatically @generated by Cargo.
# It is not intended for manual editing.
version = 4

[[package]]
name = "ether-clap"
version = "0.0.1"

[[package]]
name = "ether-controller"
version = "0.0.1"

[[package]]
name = "ether-core"
version = "0.0.1"

[[package]]
name = "ether-devices"
version = "0.0.1"

[[package]]
name = "ether-media"
version = "0.0.1"

[[package]]
name = "ether-model"
version = "0.0.1"

[[package]]
name = "ether-native"
version = "0.0.1"

[[package]]
name = "ether-plugin-scanner"
version = "0.0.1"

[[package]]
name = "ether-protocol"
version = "0.0.1"

[[package]]
name = "ether-sandbox"
version = "0.0.1"

[[package]]
name = "ether-stretch"
version = "0.0.1"

[[package]]
name = "ether-wasm"
version = "0.0.1"
